
Microsoft Visual Studio Solution File, Format Version 12.00
# Visual Studio Version 16
VisualStudioVersion = 16.0.31005.135
MinimumVisualStudioVersion = 10.0.40219.1
Project("{8BC9CEB8-8B4A-11D0-8D11-00A0C91BC942}") = "pastemyst", "pastemyst.cpp\pastemyst.vcxproj", "{2FDAE017-9B44-958E-E482-4634502C73E3}"
EndProject
Project("{8BC9CEB8-8B4A-11D0-8D11-00A0C91BC942}") = "tests", "tests\tests.vcxproj", "{390F45DE-80A8-4D40-8DF0-7A88B8F7462D}"
EndProject
Global
	GlobalSection(SolutionConfigurationPlatforms) = preSolution
		Debug|Win32 = Debug|Win32
		Debug|x64 = Debug|x64
		Dist|Win32 = Dist|Win32
		Dist|x64 = Dist|x64
		Release|Win32 = Release|Win32
		Release|x64 = Release|x64
	EndGlobalSection
	GlobalSection(ProjectConfigurationPlatforms) = postSolution
		{2FDAE017-9B44-958E-E482-4634502C73E3}.Debug|Win32.ActiveCfg = Debug|Win32
		{2FDAE017-9B44-958E-E482-4634502C73E3}.Debug|Win32.Build.0 = Debug|Win32
		{2FDAE017-9B44-958E-E482-4634502C73E3}.Debug|x64.ActiveCfg = Debug|x64
		{2FDAE017-9B44-958E-E482-4634502C73E3}.Debug|x64.Build.0 = Debug|x64
		{2FDAE017-9B44-958E-E482-4634502C73E3}.Dist|Win32.ActiveCfg = Dist|Win32
		{2FDAE017-9B44-958E-E482-4634502C73E3}.Dist|Win32.Build.0 = Dist|Win32
		{2FDAE017-9B44-958E-E482-4634502C73E3}.Dist|x64.ActiveCfg = Dist|x64
		{2FDAE017-9B44-958E-E482-4634502C73E3}.Dist|x64.Build.0 = Dist|x64
		{2FDAE017-9B44-958E-E482-4634502C73E3}.Release|Win32.ActiveCfg = Release|Win32
		{2FDAE017-9B44-958E-E482-4634502C73E3}.Release|Win32.Build.0 = Release|Win32
		{2FDAE017-9B44-958E-E482-4634502C73E3}.Release|x64.ActiveCfg = Release|x64
		{2FDAE017-9B44-958E-E482-4634502C73E3}.Release|x64.Build.0 = Release|x64
		{390F45DE-80A8-4D40-8DF0-7A88B8F7462D}.Debug|Win32.ActiveCfg = Debug|Win32
		{390F45DE-80A8-4D40-8DF0-7A88B8F7462D}.Debug|Win32.Build.0 = Debug|Win32
		{390F45DE-80A8-4D40-8DF0-7A88B8F7462D}.Debug|x64.ActiveCfg = Debug|x64
		{390F45DE-80A8-4D40-8DF0-7A88B8F7462D}.Debug|x64.Build.0 = Debug|x64
		{390F45DE-80A8-4D40-8DF0-7A88B8F7462D}.Dist|Win32.ActiveCfg = Debug|Win32
		{390F45DE-80A8-4D40-8DF0-7A88B8F7462D}.Dist|Win32.Build.0 = Debug|Win32
		{390F45DE-80A8-4D40-8DF0-7A88B8F7462D}.Dist|x64.ActiveCfg = Debug|x64
		{390F45DE-80A8-4D40-8DF0-7A88B8F7462D}.Dist|x64.Build.0 = Debug|x64
		{390F45DE-80A8-4D40-8DF0-7A88B8F7462D}.Release|Win32.ActiveCfg = Release|Win32
		{390F45DE-80A8-4D40-8DF0-7A88B8F7462D}.Release|Win32.Build.0 = Release|Win32
		{390F45DE-80A8-4D40-8DF0-7A88B8F7462D}.Release|x64.ActiveCfg = Release|x64
		{390F45DE-80A8-4D40-8DF0-7A88B8F7462D}.Release|x64.Build.0 = Release|x64
	EndGlobalSection
	GlobalSection(SolutionProperties) = preSolution
		HideSolutionNode = FALSE
	EndGlobalSection
	GlobalSection(ExtensibilityGlobals) = postSolution
		SolutionGuid = {48D50182-02DA-4817-8A1C-1E37F7230A6F}
	EndGlobalSection
EndGlobal
